{"filter":false,"title":"yarn.lock","tooltip":"/heroku/yarn.lock","undoManager":{"mark":2,"position":2,"stack":[[{"start":{"row":8327,"column":0},"end":{"row":8328,"column":18},"action":"remove","lines":["yarn@^1.21.1:","  version \"1.21.1\""],"id":3},{"start":{"row":8327,"column":0},"end":{"row":8327,"column":1},"action":"insert","lines":["\\"]}],[{"start":{"row":8327,"column":0},"end":{"row":8327,"column":1},"action":"remove","lines":["\\"],"id":4}],[{"start":{"row":8327,"column":0},"end":{"row":8328,"column":18},"action":"insert","lines":["yarn@^1.22.0:","  version \"1.22.0\""],"id":5}]]},"ace":{"folds":[],"scrolltop":110871.41510429139,"scrollleft":0,"selection":{"start":{"row":8326,"column":0},"end":{"row":8326,"column":0},"isBackwards":false},"options":{"guessTabSize":true,"useWrapMode":false,"wrapToView":true},"firstLineState":{"row":8317,"state":"start","mode":"ace/mode/text"}},"timestamp":1582748229163,"hash":"783127b3a052bf256aff7d727d47b275405c552a"}