{"filter":false,"title":"yarn.lock","tooltip":"/heroku/yarn.lock","undoManager":{"mark":-1,"position":-1,"stack":[]},"ace":{"folds":[],"scrolltop":110871.41510429139,"scrollleft":0,"selection":{"start":{"row":8326,"column":0},"end":{"row":8326,"column":0},"isBackwards":false},"options":{"guessTabSize":true,"useWrapMode":false,"wrapToView":true},"firstLineState":{"row":8317,"mode":"ace/mode/text"}},"timestamp":1582748229163,"hash":"5b928a3ca455909d375270f7a0d00a0f01a12d1a"}