{"filter":false,"title":"Gemfile.lock","tooltip":"/Gemfile.lock","undoManager":{"mark":-1,"position":-1,"stack":[]},"ace":{"folds":[],"scrolltop":1655.375,"scrollleft":0,"selection":{"start":{"row":121,"column":22},"end":{"row":121,"column":22},"isBackwards":false},"options":{"guessTabSize":true,"useWrapMode":false,"wrapToView":true},"firstLineState":{"row":108,"state":"start","mode":"ace/mode/text"}},"timestamp":1566676690588,"hash":"e372d196d13618875cd5d56262832f99e1718e0f"}