{"filter":false,"title":"Gemfile.lock","tooltip":"/Gemfile.lock","undoManager":{"mark":0,"position":0,"stack":[[{"start":{"row":151,"column":15},"end":{"row":151,"column":18},"action":"insert","lines":[">= "],"id":2},{"start":{"row":274,"column":3},"end":{"row":274,"column":4},"action":"remove","lines":["2"]},{"start":{"row":274,"column":3},"end":{"row":274,"column":4},"action":"insert","lines":["1"]},{"start":{"row":274,"column":5},"end":{"row":274,"column":6},"action":"remove","lines":["0"]},{"start":{"row":274,"column":5},"end":{"row":274,"column":7},"action":"insert","lines":["17"]},{"start":{"row":274,"column":8},"end":{"row":274,"column":9},"action":"remove","lines":["2"]},{"start":{"row":274,"column":8},"end":{"row":274,"column":9},"action":"insert","lines":["3"]}]]},"ace":{"folds":[],"scrolltop":1805.375,"scrollleft":0,"selection":{"start":{"row":151,"column":24},"end":{"row":151,"column":24},"isBackwards":false},"options":{"guessTabSize":true,"useWrapMode":false,"wrapToView":true},"firstLineState":{"row":134,"state":"start","mode":"ace/mode/text"}},"timestamp":1560872944516,"hash":"f9f62ed50756ac191693048b5c27f4f6e2957b33"}