{"filter":false,"title":"Gemfile.lock","tooltip":"/Gemfile.lock","undoManager":{"mark":-1,"position":-1,"stack":[]},"ace":{"folds":[],"scrolltop":1434.359375,"scrollleft":0,"selection":{"start":{"row":130,"column":35},"end":{"row":130,"column":35},"isBackwards":false},"options":{"guessTabSize":true,"useWrapMode":false,"wrapToView":true},"firstLineState":0},"timestamp":1566676690588,"hash":"68310d2e88be7a5eaf9272b95b798ffdf515227a"}