# THIS IS AN AUTOGENERATED FILE. DO NOT EDIT THIS FILE DIRECTLY.
# yarn lockfile v1


signature_pad@^3.0.0-beta.3:
  version "3.0.0-beta.3"
  resolved "https://registry.yarnpkg.com/signature_pad/-/signature_pad-3.0.0-beta.3.tgz#04bfc4403a9431edfbddacd9ab704f04dc7721fb"
  integrity sha512-qBFUr24eH3twi3rNwLPW7XRSZs8l76r4C/ndh5Yby97x8v0wtYs4HPbbIRwuPwEIcZ01QTPKbizc/OumdisEBQ==
